
Microsoft Visual Studio Solution File, Format Version 12.00
# Visual Studio Version 17
VisualStudioVersion = 17.6.33829.357
MinimumVisualStudioVersion = 10.0.40219.1
Project("{9A19103F-16F7-4668-BE54-9A1E7A4F7556}") = "Solution.API", "Solution.API\Solution.API.csproj", "{09748A4E-D6AB-41B0-A577-CB56F6CCB326}"
EndProject
Project("{9A19103F-16F7-4668-BE54-9A1E7A4F7556}") = "Solution.BuildingBlocks.Core", "BuildingBlocks\Solution.BuildingBlocks.Core\Solution.BuildingBlocks.Core.csproj", "{967EFC78-59BC-48DC-B18C-BB66F46B01A3}"
EndProject
Project("{9A19103F-16F7-4668-BE54-9A1E7A4F7556}") = "Solution.BuildingBlocks.Infrastructure", "BuildingBlocks\Solution.BuildingBlocks.Infrastructure\Solution.BuildingBlocks.Infrastructure.csproj", "{8ED30A23-3F22-4D13-99AE-276800F84D9C}"
EndProject
Project("{9A19103F-16F7-4668-BE54-9A1E7A4F7556}") = "Solution.BuildingBlocks.Tests", "BuildingBlocks\Solution.BuildingBlocks.Tests\Solution.BuildingBlocks.Tests.csproj", "{E5F3F9E5-4C37-4B74-A226-65A2BD4969D6}"
EndProject
Project("{2150E333-8FDC-42A3-9474-1A3956D46DE8}") = "BuildingBlocks", "BuildingBlocks", "{24B0B2F7-FD33-42E5-889E-5CC7E46D1773}"
EndProject
Project("{9A19103F-16F7-4668-BE54-9A1E7A4F7556}") = "Solution.Architecture.Tests", "Solution.Architecture.Tests\Solution.Architecture.Tests.csproj", "{95D320E3-B421-43AF-B87F-D4E935540266}"
EndProject
Project("{2150E333-8FDC-42A3-9474-1A3956D46DE8}") = "Modules", "Modules", "{B8BD4B35-C40B-4BC6-9A8D-7FBE215FD1CE}"
EndProject
Project("{2150E333-8FDC-42A3-9474-1A3956D46DE8}") = "UniLeague", "UniLeague", "{A1B2C3D4-0001-0001-0001-000000000001}"
EndProject
Project("{9A19103F-16F7-4668-BE54-9A1E7A4F7556}") = "Solution.UniLeague.API", "Modules\UniLeague\Solution.UniLeague.API\Solution.UniLeague.API.csproj", "{A1B2C3D4-0001-0001-0001-000000000002}"
EndProject
Project("{9A19103F-16F7-4668-BE54-9A1E7A4F7556}") = "Solution.UniLeague.Core", "Modules\UniLeague\Solution.UniLeague.Core\Solution.UniLeague.Core.csproj", "{A1B2C3D4-0001-0001-0001-000000000003}"
EndProject
Project("{9A19103F-16F7-4668-BE54-9A1E7A4F7556}") = "Solution.UniLeague.Infrastructure", "Modules\UniLeague\Solution.UniLeague.Infrastructure\Solution.UniLeague.Infrastructure.csproj", "{A1B2C3D4-0001-0001-0001-000000000004}"
EndProject
Project("{9A19103F-16F7-4668-BE54-9A1E7A4F7556}") = "Solution.UniLeague.Tests", "Modules\UniLeague\Solution.UniLeague.Tests\Solution.UniLeague.Tests.csproj", "{A1B2C3D4-0001-0001-0001-000000000005}"
EndProject
Project("{2150E333-8FDC-42A3-9474-1A3956D46DE8}") = "Identity", "Identity", "{E093EA7A-923E-5120-6098-B37707C0CF76}"
EndProject
Project("{FAE04EC0-301F-11D3-BF4B-00C04F79EFBC}") = "Solution.Identity.API", "Modules\Identity\Solution.Identity.API\Solution.Identity.API.csproj", "{EF41EC5D-9559-455A-AD75-A60BBD84E4CA}"
EndProject
Project("{FAE04EC0-301F-11D3-BF4B-00C04F79EFBC}") = "Solution.Identity.Core", "Modules\Identity\Solution.Identity.Core\Solution.Identity.Core.csproj", "{E79C1108-178E-4FE7-A575-AA615CF62114}"
EndProject
Project("{FAE04EC0-301F-11D3-BF4B-00C04F79EFBC}") = "Solution.Identity.Infrastructure", "Modules\Identity\Solution.Identity.Infrastructure\Solution.Identity.Infrastructure.csproj", "{098D4669-B176-4E2A-8327-7A9769DDC009}"
EndProject
Project("{FAE04EC0-301F-11D3-BF4B-00C04F79EFBC}") = "Solution.Identity.Tests", "Modules\Identity\Solution.Identity.Tests\Solution.Identity.Tests.csproj", "{8DB8B663-DCAA-472D-BF53-69098BA22927}"
EndProject
Global
	GlobalSection(SolutionConfigurationPlatforms) = preSolution
		Debug|Any CPU = Debug|Any CPU
		Debug|x64 = Debug|x64
		Debug|x86 = Debug|x86
		Release|Any CPU = Release|Any CPU
		Release|x64 = Release|x64
		Release|x86 = Release|x86
	EndGlobalSection
	GlobalSection(ProjectConfigurationPlatforms) = postSolution
		{09748A4E-D6AB-41B0-A577-CB56F6CCB326}.Debug|Any CPU.ActiveCfg = Debug|Any CPU
		{09748A4E-D6AB-41B0-A577-CB56F6CCB326}.Debug|Any CPU.Build.0 = Debug|Any CPU
		{09748A4E-D6AB-41B0-A577-CB56F6CCB326}.Debug|x64.ActiveCfg = Debug|Any CPU
		{09748A4E-D6AB-41B0-A577-CB56F6CCB326}.Debug|x64.Build.0 = Debug|Any CPU
		{09748A4E-D6AB-41B0-A577-CB56F6CCB326}.Debug|x86.ActiveCfg = Debug|Any CPU
		{09748A4E-D6AB-41B0-A577-CB56F6CCB326}.Debug|x86.Build.0 = Debug|Any CPU
		{09748A4E-D6AB-41B0-A577-CB56F6CCB326}.Release|Any CPU.ActiveCfg = Release|Any CPU
		{09748A4E-D6AB-41B0-A577-CB56F6CCB326}.Release|Any CPU.Build.0 = Release|Any CPU
		{09748A4E-D6AB-41B0-A577-CB56F6CCB326}.Release|x64.ActiveCfg = Release|Any CPU
		{09748A4E-D6AB-41B0-A577-CB56F6CCB326}.Release|x64.Build.0 = Release|Any CPU
		{09748A4E-D6AB-41B0-A577-CB56F6CCB326}.Release|x86.ActiveCfg = Release|Any CPU
		{09748A4E-D6AB-41B0-A577-CB56F6CCB326}.Release|x86.Build.0 = Release|Any CPU
		{967EFC78-59BC-48DC-B18C-BB66F46B01A3}.Debug|Any CPU.ActiveCfg = Debug|Any CPU
		{967EFC78-59BC-48DC-B18C-BB66F46B01A3}.Debug|Any CPU.Build.0 = Debug|Any CPU
		{967EFC78-59BC-48DC-B18C-BB66F46B01A3}.Debug|x64.ActiveCfg = Debug|Any CPU
		{967EFC78-59BC-48DC-B18C-BB66F46B01A3}.Debug|x64.Build.0 = Debug|Any CPU
		{967EFC78-59BC-48DC-B18C-BB66F46B01A3}.Debug|x86.ActiveCfg = Debug|Any CPU
		{967EFC78-59BC-48DC-B18C-BB66F46B01A3}.Debug|x86.Build.0 = Debug|Any CPU
		{967EFC78-59BC-48DC-B18C-BB66F46B01A3}.Release|Any CPU.ActiveCfg = Release|Any CPU
		{967EFC78-59BC-48DC-B18C-BB66F46B01A3}.Release|Any CPU.Build.0 = Release|Any CPU
		{967EFC78-59BC-48DC-B18C-BB66F46B01A3}.Release|x64.ActiveCfg = Release|Any CPU
		{967EFC78-59BC-48DC-B18C-BB66F46B01A3}.Release|x64.Build.0 = Release|Any CPU
		{967EFC78-59BC-48DC-B18C-BB66F46B01A3}.Release|x86.ActiveCfg = Release|Any CPU
		{967EFC78-59BC-48DC-B18C-BB66F46B01A3}.Release|x86.Build.0 = Release|Any CPU
		{8ED30A23-3F22-4D13-99AE-276800F84D9C}.Debug|Any CPU.ActiveCfg = Debug|Any CPU
		{8ED30A23-3F22-4D13-99AE-276800F84D9C}.Debug|Any CPU.Build.0 = Debug|Any CPU
		{8ED30A23-3F22-4D13-99AE-276800F84D9C}.Debug|x64.ActiveCfg = Debug|Any CPU
		{8ED30A23-3F22-4D13-99AE-276800F84D9C}.Debug|x64.Build.0 = Debug|Any CPU
		{8ED30A23-3F22-4D13-99AE-276800F84D9C}.Debug|x86.ActiveCfg = Debug|Any CPU
		{8ED30A23-3F22-4D13-99AE-276800F84D9C}.Debug|x86.Build.0 = Debug|Any CPU
		{8ED30A23-3F22-4D13-99AE-276800F84D9C}.Release|Any CPU.ActiveCfg = Release|Any CPU
		{8ED30A23-3F22-4D13-99AE-276800F84D9C}.Release|Any CPU.Build.0 = Release|Any CPU
		{8ED30A23-3F22-4D13-99AE-276800F84D9C}.Release|x64.ActiveCfg = Release|Any CPU
		{8ED30A23-3F22-4D13-99AE-276800F84D9C}.Release|x64.Build.0 = Release|Any CPU
		{8ED30A23-3F22-4D13-99AE-276800F84D9C}.Release|x86.ActiveCfg = Release|Any CPU
		{8ED30A23-3F22-4D13-99AE-276800F84D9C}.Release|x86.Build.0 = Release|Any CPU
		{E5F3F9E5-4C37-4B74-A226-65A2BD4969D6}.Debug|Any CPU.ActiveCfg = Debug|Any CPU
		{E5F3F9E5-4C37-4B74-A226-65A2BD4969D6}.Debug|Any CPU.Build.0 = Debug|Any CPU
		{E5F3F9E5-4C37-4B74-A226-65A2BD4969D6}.Debug|x64.ActiveCfg = Debug|Any CPU
		{E5F3F9E5-4C37-4B74-A226-65A2BD4969D6}.Debug|x64.Build.0 = Debug|Any CPU
		{E5F3F9E5-4C37-4B74-A226-65A2BD4969D6}.Debug|x86.ActiveCfg = Debug|Any CPU
		{E5F3F9E5-4C37-4B74-A226-65A2BD4969D6}.Debug|x86.Build.0 = Debug|Any CPU
		{E5F3F9E5-4C37-4B74-A226-65A2BD4969D6}.Release|Any CPU.ActiveCfg = Release|Any CPU
		{E5F3F9E5-4C37-4B74-A226-65A2BD4969D6}.Release|Any CPU.Build.0 = Release|Any CPU
		{E5F3F9E5-4C37-4B74-A226-65A2BD4969D6}.Release|x64.ActiveCfg = Release|Any CPU
		{E5F3F9E5-4C37-4B74-A226-65A2BD4969D6}.Release|x64.Build.0 = Release|Any CPU
		{E5F3F9E5-4C37-4B74-A226-65A2BD4969D6}.Release|x86.ActiveCfg = Release|Any CPU
		{E5F3F9E5-4C37-4B74-A226-65A2BD4969D6}.Release|x86.Build.0 = Release|Any CPU
		{95D320E3-B421-43AF-B87F-D4E935540266}.Debug|Any CPU.ActiveCfg = Debug|Any CPU
		{95D320E3-B421-43AF-B87F-D4E935540266}.Debug|Any CPU.Build.0 = Debug|Any CPU
		{95D320E3-B421-43AF-B87F-D4E935540266}.Debug|x64.ActiveCfg = Debug|Any CPU
		{95D320E3-B421-43AF-B87F-D4E935540266}.Debug|x64.Build.0 = Debug|Any CPU
		{95D320E3-B421-43AF-B87F-D4E935540266}.Debug|x86.ActiveCfg = Debug|Any CPU
		{95D320E3-B421-43AF-B87F-D4E935540266}.Debug|x86.Build.0 = Debug|Any CPU
		{95D320E3-B421-43AF-B87F-D4E935540266}.Release|Any CPU.ActiveCfg = Release|Any CPU
		{95D320E3-B421-43AF-B87F-D4E935540266}.Release|Any CPU.Build.0 = Release|Any CPU
		{95D320E3-B421-43AF-B87F-D4E935540266}.Release|x64.ActiveCfg = Release|Any CPU
		{95D320E3-B421-43AF-B87F-D4E935540266}.Release|x64.Build.0 = Release|Any CPU
		{95D320E3-B421-43AF-B87F-D4E935540266}.Release|x86.ActiveCfg = Release|Any CPU
		{95D320E3-B421-43AF-B87F-D4E935540266}.Release|x86.Build.0 = Release|Any CPU
		{A1B2C3D4-0001-0001-0001-000000000002}.Debug|Any CPU.ActiveCfg = Debug|Any CPU
		{A1B2C3D4-0001-0001-0001-000000000002}.Debug|Any CPU.Build.0 = Debug|Any CPU
		{A1B2C3D4-0001-0001-0001-000000000002}.Debug|x64.ActiveCfg = Debug|Any CPU
		{A1B2C3D4-0001-0001-0001-000000000002}.Debug|x64.Build.0 = Debug|Any CPU
		{A1B2C3D4-0001-0001-0001-000000000002}.Debug|x86.ActiveCfg = Debug|Any CPU
		{A1B2C3D4-0001-0001-0001-000000000002}.Debug|x86.Build.0 = Debug|Any CPU
		{A1B2C3D4-0001-0001-0001-000000000002}.Release|Any CPU.ActiveCfg = Release|Any CPU
		{A1B2C3D4-0001-0001-0001-000000000002}.Release|Any CPU.Build.0 = Release|Any CPU
		{A1B2C3D4-0001-0001-0001-000000000002}.Release|x64.ActiveCfg = Release|Any CPU
		{A1B2C3D4-0001-0001-0001-000000000002}.Release|x64.Build.0 = Release|Any CPU
		{A1B2C3D4-0001-0001-0001-000000000002}.Release|x86.ActiveCfg = Release|Any CPU
		{A1B2C3D4-0001-0001-0001-000000000002}.Release|x86.Build.0 = Release|Any CPU
		{A1B2C3D4-0001-0001-0001-000000000003}.Debug|Any CPU.ActiveCfg = Debug|Any CPU
		{A1B2C3D4-0001-0001-0001-000000000003}.Debug|Any CPU.Build.0 = Debug|Any CPU
		{A1B2C3D4-0001-0001-0001-000000000003}.Debug|x64.ActiveCfg = Debug|Any CPU
		{A1B2C3D4-0001-0001-0001-000000000003}.Debug|x64.Build.0 = Debug|Any CPU
		{A1B2C3D4-0001-0001-0001-000000000003}.Debug|x86.ActiveCfg = Debug|Any CPU
		{A1B2C3D4-0001-0001-0001-000000000003}.Debug|x86.Build.0 = Debug|Any CPU
		{A1B2C3D4-0001-0001-0001-000000000003}.Release|Any CPU.ActiveCfg = Release|Any CPU
		{A1B2C3D4-0001-0001-0001-000000000003}.Release|Any CPU.Build.0 = Release|Any CPU
		{A1B2C3D4-0001-0001-0001-000000000003}.Release|x64.ActiveCfg = Release|Any CPU
		{A1B2C3D4-0001-0001-0001-000000000003}.Release|x64.Build.0 = Release|Any CPU
		{A1B2C3D4-0001-0001-0001-000000000003}.Release|x86.ActiveCfg = Release|Any CPU
		{A1B2C3D4-0001-0001-0001-000000000003}.Release|x86.Build.0 = Release|Any CPU
		{A1B2C3D4-0001-0001-0001-000000000004}.Debug|Any CPU.ActiveCfg = Debug|Any CPU
		{A1B2C3D4-0001-0001-0001-000000000004}.Debug|Any CPU.Build.0 = Debug|Any CPU
		{A1B2C3D4-0001-0001-0001-000000000004}.Debug|x64.ActiveCfg = Debug|Any CPU
		{A1B2C3D4-0001-0001-0001-000000000004}.Debug|x64.Build.0 = Debug|Any CPU
		{A1B2C3D4-0001-0001-0001-000000000004}.Debug|x86.ActiveCfg = Debug|Any CPU
		{A1B2C3D4-0001-0001-0001-000000000004}.Debug|x86.Build.0 = Debug|Any CPU
		{A1B2C3D4-0001-0001-0001-000000000004}.Release|Any CPU.ActiveCfg = Release|Any CPU
		{A1B2C3D4-0001-0001-0001-000000000004}.Release|Any CPU.Build.0 = Release|Any CPU
		{A1B2C3D4-0001-0001-0001-000000000004}.Release|x64.ActiveCfg = Release|Any CPU
		{A1B2C3D4-0001-0001-0001-000000000004}.Release|x64.Build.0 = Release|Any CPU
		{A1B2C3D4-0001-0001-0001-000000000004}.Release|x86.ActiveCfg = Release|Any CPU
		{A1B2C3D4-0001-0001-0001-000000000004}.Release|x86.Build.0 = Release|Any CPU
		{A1B2C3D4-0001-0001-0001-000000000005}.Debug|Any CPU.ActiveCfg = Debug|Any CPU
		{A1B2C3D4-0001-0001-0001-000000000005}.Debug|Any CPU.Build.0 = Debug|Any CPU
		{A1B2C3D4-0001-0001-0001-000000000005}.Debug|x64.ActiveCfg = Debug|Any CPU
		{A1B2C3D4-0001-0001-0001-000000000005}.Debug|x64.Build.0 = Debug|Any CPU
		{A1B2C3D4-0001-0001-0001-000000000005}.Debug|x86.ActiveCfg = Debug|Any CPU
		{A1B2C3D4-0001-0001-0001-000000000005}.Debug|x86.Build.0 = Debug|Any CPU
		{A1B2C3D4-0001-0001-0001-000000000005}.Release|Any CPU.ActiveCfg = Release|Any CPU
		{A1B2C3D4-0001-0001-0001-000000000005}.Release|Any CPU.Build.0 = Release|Any CPU
		{A1B2C3D4-0001-0001-0001-000000000005}.Release|x64.ActiveCfg = Release|Any CPU
		{A1B2C3D4-0001-0001-0001-000000000005}.Release|x64.Build.0 = Release|Any CPU
		{A1B2C3D4-0001-0001-0001-000000000005}.Release|x86.ActiveCfg = Release|Any CPU
		{A1B2C3D4-0001-0001-0001-000000000005}.Release|x86.Build.0 = Release|Any CPU
		{EF41EC5D-9559-455A-AD75-A60BBD84E4CA}.Debug|Any CPU.ActiveCfg = Debug|Any CPU
		{EF41EC5D-9559-455A-AD75-A60BBD84E4CA}.Debug|Any CPU.Build.0 = Debug|Any CPU
		{EF41EC5D-9559-455A-AD75-A60BBD84E4CA}.Debug|x64.ActiveCfg = Debug|Any CPU
		{EF41EC5D-9559-455A-AD75-A60BBD84E4CA}.Debug|x64.Build.0 = Debug|Any CPU
		{EF41EC5D-9559-455A-AD75-A60BBD84E4CA}.Debug|x86.ActiveCfg = Debug|Any CPU
		{EF41EC5D-9559-455A-AD75-A60BBD84E4CA}.Debug|x86.Build.0 = Debug|Any CPU
		{EF41EC5D-9559-455A-AD75-A60BBD84E4CA}.Release|Any CPU.ActiveCfg = Release|Any CPU
		{EF41EC5D-9559-455A-AD75-A60BBD84E4CA}.Release|Any CPU.Build.0 = Release|Any CPU
		{EF41EC5D-9559-455A-AD75-A60BBD84E4CA}.Release|x64.ActiveCfg = Release|Any CPU
		{EF41EC5D-9559-455A-AD75-A60BBD84E4CA}.Release|x64.Build.0 = Release|Any CPU
		{EF41EC5D-9559-455A-AD75-A60BBD84E4CA}.Release|x86.ActiveCfg = Release|Any CPU
		{EF41EC5D-9559-455A-AD75-A60BBD84E4CA}.Release|x86.Build.0 = Release|Any CPU
		{E79C1108-178E-4FE7-A575-AA615CF62114}.Debug|Any CPU.ActiveCfg = Debug|Any CPU
		{E79C1108-178E-4FE7-A575-AA615CF62114}.Debug|Any CPU.Build.0 = Debug|Any CPU
		{E79C1108-178E-4FE7-A575-AA615CF62114}.Debug|x64.ActiveCfg = Debug|Any CPU
		{E79C1108-178E-4FE7-A575-AA615CF62114}.Debug|x64.Build.0 = Debug|Any CPU
		{E79C1108-178E-4FE7-A575-AA615CF62114}.Debug|x86.ActiveCfg = Debug|Any CPU
		{E79C1108-178E-4FE7-A575-AA615CF62114}.Debug|x86.Build.0 = Debug|Any CPU
		{E79C1108-178E-4FE7-A575-AA615CF62114}.Release|Any CPU.ActiveCfg = Release|Any CPU
		{E79C1108-178E-4FE7-A575-AA615CF62114}.Release|Any CPU.Build.0 = Release|Any CPU
		{E79C1108-178E-4FE7-A575-AA615CF62114}.Release|x64.ActiveCfg = Release|Any CPU
		{E79C1108-178E-4FE7-A575-AA615CF62114}.Release|x64.Build.0 = Release|Any CPU
		{E79C1108-178E-4FE7-A575-AA615CF62114}.Release|x86.ActiveCfg = Release|Any CPU
		{E79C1108-178E-4FE7-A575-AA615CF62114}.Release|x86.Build.0 = Release|Any CPU
		{098D4669-B176-4E2A-8327-7A9769DDC009}.Debug|Any CPU.ActiveCfg = Debug|Any CPU
		{098D4669-B176-4E2A-8327-7A9769DDC009}.Debug|Any CPU.Build.0 = Debug|Any CPU
		{098D4669-B176-4E2A-8327-7A9769DDC009}.Debug|x64.ActiveCfg = Debug|Any CPU
		{098D4669-B176-4E2A-8327-7A9769DDC009}.Debug|x64.Build.0 = Debug|Any CPU
		{098D4669-B176-4E2A-8327-7A9769DDC009}.Debug|x86.ActiveCfg = Debug|Any CPU
		{098D4669-B176-4E2A-8327-7A9769DDC009}.Debug|x86.Build.0 = Debug|Any CPU
		{098D4669-B176-4E2A-8327-7A9769DDC009}.Release|Any CPU.ActiveCfg = Release|Any CPU
		{098D4669-B176-4E2A-8327-7A9769DDC009}.Release|Any CPU.Build.0 = Release|Any CPU
		{098D4669-B176-4E2A-8327-7A9769DDC009}.Release|x64.ActiveCfg = Release|Any CPU
		{098D4669-B176-4E2A-8327-7A9769DDC009}.Release|x64.Build.0 = Release|Any CPU
		{098D4669-B176-4E2A-8327-7A9769DDC009}.Release|x86.ActiveCfg = Release|Any CPU
		{098D4669-B176-4E2A-8327-7A9769DDC009}.Release|x86.Build.0 = Release|Any CPU
		{8DB8B663-DCAA-472D-BF53-69098BA22927}.Debug|Any CPU.ActiveCfg = Debug|Any CPU
		{8DB8B663-DCAA-472D-BF53-69098BA22927}.Debug|Any CPU.Build.0 = Debug|Any CPU
		{8DB8B663-DCAA-472D-BF53-69098BA22927}.Debug|x64.ActiveCfg = Debug|Any CPU
		{8DB8B663-DCAA-472D-BF53-69098BA22927}.Debug|x64.Build.0 = Debug|Any CPU
		{8DB8B663-DCAA-472D-BF53-69098BA22927}.Debug|x86.ActiveCfg = Debug|Any CPU
		{8DB8B663-DCAA-472D-BF53-69098BA22927}.Debug|x86.Build.0 = Debug|Any CPU
		{8DB8B663-DCAA-472D-BF53-69098BA22927}.Release|Any CPU.ActiveCfg = Release|Any CPU
		{8DB8B663-DCAA-472D-BF53-69098BA22927}.Release|Any CPU.Build.0 = Release|Any CPU
		{8DB8B663-DCAA-472D-BF53-69098BA22927}.Release|x64.ActiveCfg = Release|Any CPU
		{8DB8B663-DCAA-472D-BF53-69098BA22927}.Release|x64.Build.0 = Release|Any CPU
		{8DB8B663-DCAA-472D-BF53-69098BA22927}.Release|x86.ActiveCfg = Release|Any CPU
		{8DB8B663-DCAA-472D-BF53-69098BA22927}.Release|x86.Build.0 = Release|Any CPU
	EndGlobalSection
	GlobalSection(SolutionProperties) = preSolution
		HideSolutionNode = FALSE
	EndGlobalSection
	GlobalSection(NestedProjects) = preSolution
		{967EFC78-59BC-48DC-B18C-BB66F46B01A3} = {24B0B2F7-FD33-42E5-889E-5CC7E46D1773}
		{8ED30A23-3F22-4D13-99AE-276800F84D9C} = {24B0B2F7-FD33-42E5-889E-5CC7E46D1773}
		{E5F3F9E5-4C37-4B74-A226-65A2BD4969D6} = {24B0B2F7-FD33-42E5-889E-5CC7E46D1773}
		{A1B2C3D4-0001-0001-0001-000000000001} = {B8BD4B35-C40B-4BC6-9A8D-7FBE215FD1CE}
		{A1B2C3D4-0001-0001-0001-000000000002} = {A1B2C3D4-0001-0001-0001-000000000001}
		{A1B2C3D4-0001-0001-0001-000000000003} = {A1B2C3D4-0001-0001-0001-000000000001}
		{A1B2C3D4-0001-0001-0001-000000000004} = {A1B2C3D4-0001-0001-0001-000000000001}
		{A1B2C3D4-0001-0001-0001-000000000005} = {A1B2C3D4-0001-0001-0001-000000000001}
		{E093EA7A-923E-5120-6098-B37707C0CF76} = {B8BD4B35-C40B-4BC6-9A8D-7FBE215FD1CE}
		{EF41EC5D-9559-455A-AD75-A60BBD84E4CA} = {E093EA7A-923E-5120-6098-B37707C0CF76}
		{E79C1108-178E-4FE7-A575-AA615CF62114} = {E093EA7A-923E-5120-6098-B37707C0CF76}
		{098D4669-B176-4E2A-8327-7A9769DDC009} = {E093EA7A-923E-5120-6098-B37707C0CF76}
		{8DB8B663-DCAA-472D-BF53-69098BA22927} = {E093EA7A-923E-5120-6098-B37707C0CF76}
	EndGlobalSection
	GlobalSection(ExtensibilityGlobals) = postSolution
		SolutionGuid = {C378FE87-3A2E-4BB0-8E39-FB8767789244}
	EndGlobalSection
EndGlobal
